// !$*UTF8*$!
{
	archiveVersion = 1;
	classes = {
	};
	objectVersion = 55;
	objects = {

/* Begin PBXBuildFile section */
		9511FA39275F933500785DAD /* AppDelegate.swift in Sources */ = {isa = PBXBuildFile; fileRef = 9511FA38275F933500785DAD /* AppDelegate.swift */; };
		9511FA3B275F933500785DAD /* SceneDelegate.swift in Sources */ = {isa = PBXBuildFile; fileRef = 9511FA3A275F933500785DAD /* SceneDelegate.swift */; };
		9511FA3D275F933500785DAD /* ViewController.swift in Sources */ = {isa = PBXBuildFile; fileRef = 9511FA3C275F933500785DAD /* ViewController.swift */; };
		9511FA40275F933500785DAD /* Main.storyboard in Resources */ = {isa = PBXBuildFile; fileRef = 9511FA3E275F933500785DAD /* Main.storyboard */; };
		9511FA42275F933600785DAD /* Assets.xcassets in Resources */ = {isa = PBXBuildFile; fileRef = 9511FA41275F933600785DAD /* Assets.xcassets */; };
		9511FA45275F933600785DAD /* LaunchScreen.storyboard in Resources */ = {isa = PBXBuildFile; fileRef = 9511FA43275F933600785DAD /* LaunchScreen.storyboard */; };
		9511FA50275F933600785DAD /* JawaherAbuLahsah_MapTests.swift in Sources */ = {isa = PBXBuildFile; fileRef = 9511FA4F275F933600785DAD /* JawaherAbuLahsah_MapTests.swift */; };
		9511FA5A275F933600785DAD /* JawaherAbuLahsah_MapUITests.swift in Sources */ = {isa = PBXBuildFile; fileRef = 9511FA59275F933600785DAD /* JawaherAbuLahsah_MapUITests.swift */; };
		9511FA5C275F933600785DAD /* JawaherAbuLahsah_MapUITestsLaunchTests.swift in Sources */ = {isa = PBXBuildFile; fileRef = 9511FA5B275F933600785DAD /* JawaherAbuLahsah_MapUITestsLaunchTests.swift */; };
/* End PBXBuildFile section */

/* Begin PBXContainerItemProxy section */
		9511FA4C275F933600785DAD /* PBXContainerItemProxy */ = {
			isa = PBXContainerItemProxy;
			containerPortal = 9511FA2D275F933500785DAD /* Project object */;
			proxyType = 1;
			remoteGlobalIDString = 9511FA34275F933500785DAD;
			remoteInfo = JawaherAbuLahsah_Map;
		};
		9511FA56275F933600785DAD /* PBXContainerItemProxy */ = {
			isa = PBXContainerItemProxy;
			containerPortal = 9511FA2D275F933500785DAD /* Project object */;
			proxyType = 1;
			remoteGlobalIDString = 9511FA34275F933500785DAD;
			remoteInfo = JawaherAbuLahsah_Map;
		};
/* End PBXContainerItemProxy section */

/* Begin PBXFileReference section */
		9511FA35275F933500785DAD /* JawaherAbuLahsah_Map.app */ = {isa = PBXFileReference; explicitFileType = wrapper.application; includeInIndex = 0; path = JawaherAbuLahsah_Map.app; sourceTree = BUILT_PRODUCTS_DIR; };
		9511FA38275F933500785DAD /* AppDelegate.swift */ = {isa = PBXFileReference; lastKnownFileType = sourcecode.swift; path = AppDelegate.swift; sourceTree = "<group>"; };
		9511FA3A275F933500785DAD /* SceneDelegate.swift */ = {isa = PBXFileReference; lastKnownFileType = sourcecode.swift; path = SceneDelegate.swift; sourceTree = "<group>"; };
		9511FA3C275F933500785DAD /* ViewController.swift */ = {isa = PBXFileReference; lastKnownFileType = sourcecode.swift; path = ViewController.swift; sourceTree = "<group>"; };
		9511FA3F275F933500785DAD /* Base */ = {isa = PBXFileReference; lastKnownFileType = file.storyboard; name = Base; path = Base.lproj/Main.storyboard; sourceTree = "<group>"; };
		9511FA41275F933600785DAD /* Assets.xcassets */ = {isa = PBXFileReference; lastKnownFileType = folder.assetcatalog; path = Assets.xcassets; sourceTree = "<group>"; };
		9511FA44275F933600785DAD /* Base */ = {isa = PBXFileReference; lastKnownFileType = file.storyboard; name = Base; path = Base.lproj/LaunchScreen.storyboard; sourceTree = "<group>"; };
		9511FA46275F933600785DAD /* Info.plist */ = {isa = PBXFileReference; lastKnownFileType = text.plist.xml; path = Info.plist; sourceTree = "<group>"; };
		9511FA4B275F933600785DAD /* JawaherAbuLahsah_MapTests.xctest */ = {isa = PBXFileReference; explicitFileType = wrapper.cfbundle; includeInIndex = 0; path = JawaherAbuLahsah_MapTests.xctest; sourceTree = BUILT_PRODUCTS_DIR; };
		9511FA4F275F933600785DAD /* JawaherAbuLahsah_MapTests.swift */ = {isa = PBXFileReference; lastKnownFileType = sourcecode.swift; path = JawaherAbuLahsah_MapTests.swift; sourceTree = "<group>"; };
		9511FA55275F933600785DAD /* JawaherAbuLahsah_MapUITests.xctest */ = {isa = PBXFileReference; explicitFileType = wrapper.cfbundle; includeInIndex = 0; path = JawaherAbuLahsah_MapUITests.xctest; sourceTree = BUILT_PRODUCTS_DIR; };
		9511FA59275F933600785DAD /* JawaherAbuLahsah_MapUITests.swift */ = {isa = PBXFileReference; lastKnownFileType = sourcecode.swift; path = JawaherAbuLahsah_MapUITests.swift; sourceTree = "<group>"; };
		9511FA5B275F933600785DAD /* JawaherAbuLahsah_MapUITestsLaunchTests.swift */ = {isa = PBXFileReference; lastKnownFileType = sourcecode.swift; path = JawaherAbuLahsah_MapUITestsLaunchTests.swift; sourceTree = "<group>"; };
/* End PBXFileReference section */

/* Begin PBXFrameworksBuildPhase section */
		9511FA32275F933500785DAD /* Frameworks */ = {
			isa = PBXFrameworksBuildPhase;
			buildActionMask = 2147483647;
			files = (
			);
			runOnlyForDeploymentPostprocessing = 0;
		};
		9511FA48275F933600785DAD /* Frameworks */ = {
			isa = PBXFrameworksBuildPhase;
			buildActionMask = 2147483647;
			files = (
			);
			runOnlyForDeploymentPostprocessing = 0;
		};
		9511FA52275F933600785DAD /* Frameworks */ = {
			isa = PBXFrameworksBuildPhase;
			buildActionMask = 2147483647;
			files = (
			);
			runOnlyForDeploymentPostprocessing = 0;
		};
/* End PBXFrameworksBuildPhase section */

/* Begin PBXGroup section */
		9511FA2C275F933500785DAD = {
			isa = PBXGroup;
			children = (
				9511FA37275F933500785DAD /* JawaherAbuLahsah_Map */,
				9511FA4E275F933600785DAD /* JawaherAbuLahsah_MapTests */,
				9511FA58275F933600785DAD /* JawaherAbuLahsah_MapUITests */,
				9511FA36275F933500785DAD /* Products */,
			);
			sourceTree = "<group>";
		};
		9511FA36275F933500785DAD /* Products */ = {
			isa = PBXGroup;
			children = (
				9511FA35275F933500785DAD /* JawaherAbuLahsah_Map.app */,
				9511FA4B275F933600785DAD /* JawaherAbuLahsah_MapTests.xctest */,
				9511FA55275F933600785DAD /* JawaherAbuLahsah_MapUITests.xctest */,
			);
			name = Products;
			sourceTree = "<group>";
		};
		9511FA37275F933500785DAD /* JawaherAbuLahsah_Map */ = {
			isa = PBXGroup;
			children = (
				9511FA38275F933500785DAD /* AppDelegate.swift */,
				9511FA3A275F933500785DAD /* SceneDelegate.swift */,
				9511FA3C275F933500785DAD /* ViewController.swift */,
				9511FA3E275F933500785DAD /* Main.storyboard */,
				9511FA41275F933600785DAD /* Assets.xcassets */,
				9511FA43275F933600785DAD /* LaunchScreen.storyboard */,
				9511FA46275F933600785DAD /* Info.plist */,
			);
			path = JawaherAbuLahsah_Map;
			sourceTree = "<group>";
		};
		9511FA4E275F933600785DAD /* JawaherAbuLahsah_MapTests */ = {
			isa = PBXGroup;
			children = (
				9511FA4F275F933600785DAD /* JawaherAbuLahsah_MapTests.swift */,
			);
			path = JawaherAbuLahsah_MapTests;
			sourceTree = "<group>";
		};
		9511FA58275F933600785DAD /* JawaherAbuLahsah_MapUITests */ = {
			isa = PBXGroup;
			children = (
				9511FA59275F933600785DAD /* JawaherAbuLahsah_MapUITests.swift */,
				9511FA5B275F933600785DAD /* JawaherAbuLahsah_MapUITestsLaunchTests.swift */,
			);
			path = JawaherAbuLahsah_MapUITests;
			sourceTree = "<group>";
		};
/* End PBXGroup section */

/* Begin PBXNativeTarget section */
		9511FA34275F933500785DAD /* JawaherAbuLahsah_Map */ = {
			isa = PBXNativeTarget;
			buildConfigurationList = 9511FA5F275F933600785DAD /* Build configuration list for PBXNativeTarget "JawaherAbuLahsah_Map" */;
			buildPhases = (
				9511FA31275F933500785DAD /* Sources */,
				9511FA32275F933500785DAD /* Frameworks */,
				9511FA33275F933500785DAD /* Resources */,
			);
			buildRules = (
			);
			dependencies = (
			);
			name = JawaherAbuLahsah_Map;
			productName = JawaherAbuLahsah_Map;
			productReference = 9511FA35275F933500785DAD /* JawaherAbuLahsah_Map.app */;
			productType = "com.apple.product-type.application";
		};
		9511FA4A275F933600785DAD /* JawaherAbuLahsah_MapTests */ = {
			isa = PBXNativeTarget;
			buildConfigurationList = 9511FA62275F933600785DAD /* Build configuration list for PBXNativeTarget "JawaherAbuLahsah_MapTests" */;
			buildPhases = (
				9511FA47275F933600785DAD /* Sources */,
				9511FA48275F933600785DAD /* Frameworks */,
				9511FA49275F933600785DAD /* Resources */,
			);
			buildRules = (
			);
			dependencies = (
				9511FA4D275F933600785DAD /* PBXTargetDependency */,
			);
			name = JawaherAbuLahsah_MapTests;
			productName = JawaherAbuLahsah_MapTests;
			productReference = 9511FA4B275F933600785DAD /* JawaherAbuLahsah_MapTests.xctest */;
			productType = "com.apple.product-type.bundle.unit-test";
		};
		9511FA54275F933600785DAD /* JawaherAbuLahsah_MapUITests */ = {
			isa = PBXNativeTarget;
			buildConfigurationList = 9511FA65275F933600785DAD /* Build configuration list for PBXNativeTarget "JawaherAbuLahsah_MapUITests" */;
			buildPhases = (
				9511FA51275F933600785DAD /* Sources */,
				9511FA52275F933600785DAD /* Frameworks */,
				9511FA53275F933600785DAD /* Resources */,
			);
			buildRules = (
			);
			dependencies = (
				9511FA57275F933600785DAD /* PBXTargetDependency */,
			);
			name = JawaherAbuLahsah_MapUITests;
			productName = JawaherAbuLahsah_MapUITests;
			productReference = 9511FA55275F933600785DAD /* JawaherAbuLahsah_MapUITests.xctest */;
			productType = "com.apple.product-type.bundle.ui-testing";
		};
/* End PBXNativeTarget section */

/* Begin PBXProject section */
		9511FA2D275F933500785DAD /* Project object */ = {
			isa = PBXProject;
			attributes = {
				BuildIndependentTargetsInParallel = 1;
				LastSwiftUpdateCheck = 1310;
				LastUpgradeCheck = 1310;
				TargetAttributes = {
					9511FA34275F933500785DAD = {
						CreatedOnToolsVersion = 13.1;
					};
					9511FA4A275F933600785DAD = {
						CreatedOnToolsVersion = 13.1;
						TestTargetID = 9511FA34275F933500785DAD;
					};
					9511FA54275F933600785DAD = {
						CreatedOnToolsVersion = 13.1;
						TestTargetID = 9511FA34275F933500785DAD;
					};
				};
			};
			buildConfigurationList = 9511FA30275F933500785DAD /* Build configuration list for PBXProject "JawaherAbuLahsah_Map" */;
			compatibilityVersion = "Xcode 13.0";
			developmentRegion = en;
			hasScannedForEncodings = 0;
			knownRegions = (
				en,
				Base,
			);
			mainGroup = 9511FA2C275F933500785DAD;
			productRefGroup = 9511FA36275F933500785DAD /* Products */;
			projectDirPath = "";
			projectRoot = "";
			targets = (
				9511FA34275F933500785DAD /* JawaherAbuLahsah_Map */,
				9511FA4A275F933600785DAD /* JawaherAbuLahsah_MapTests */,
				9511FA54275F933600785DAD /* JawaherAbuLahsah_MapUITests */,
			);
		};
/* End PBXProject section */

/* Begin PBXResourcesBuildPhase section */
		9511FA33275F933500785DAD /* Resources */ = {
			isa = PBXResourcesBuildPhase;
			buildActionMask = 2147483647;
			files = (
				9511FA45275F933600785DAD /* LaunchScreen.storyboard in Resources */,
				9511FA42275F933600785DAD /* Assets.xcassets in Resources */,
				9511FA40275F933500785DAD /* Main.storyboard in Resources */,
			);
			runOnlyForDeploymentPostprocessing = 0;
		};
		9511FA49275F933600785DAD /* Resources */ = {
			isa = PBXResourcesBuildPhase;
			buildActionMask = 2147483647;
			files = (
			);
			runOnlyForDeploymentPostprocessing = 0;
		};
		9511FA53275F933600785DAD /* Resources */ = {
			isa = PBXResourcesBuildPhase;
			buildActionMask = 2147483647;
			files = (
			);
			runOnlyForDeploymentPostprocessing = 0;
		};
/* End PBXResourcesBuildPhase section */

/* Begin PBXSourcesBuildPhase section */
		9511FA31275F933500785DAD /* Sources */ = {
			isa = PBXSourcesBuildPhase;
			buildActionMask = 2147483647;
			files = (
				9511FA3D275F933500785DAD /* ViewController.swift in Sources */,
				9511FA39275F933500785DAD /* AppDelegate.swift in Sources */,
				9511FA3B275F933500785DAD /* SceneDelegate.swift in Sources */,
			);
			runOnlyForDeploymentPostprocessing = 0;
		};
		9511FA47275F933600785DAD /* Sources */ = {
			isa = PBXSourcesBuildPhase;
			buildActionMask = 2147483647;
			files = (
				9511FA50275F933600785DAD /* JawaherAbuLahsah_MapTests.swift in Sources */,
			);
			runOnlyForDeploymentPostprocessing = 0;
		};
		9511FA51275F933600785DAD /* Sources */ = {
			isa = PBXSourcesBuildPhase;
			buildActionMask = 2147483647;
			files = (
				9511FA5C275F933600785DAD /* JawaherAbuLahsah_MapUITestsLaunchTests.swift in Sources */,
				9511FA5A275F933600785DAD /* JawaherAbuLahsah_MapUITests.swift in Sources */,
			);
			runOnlyForDeploymentPostprocessing = 0;
		};
/* End PBXSourcesBuildPhase section */

/* Begin PBXTargetDependency section */
		9511FA4D275F933600785DAD /* PBXTargetDependency */ = {
			isa = PBXTargetDependency;
			target = 9511FA34275F933500785DAD /* JawaherAbuLahsah_Map */;
			targetProxy = 9511FA4C275F933600785DAD /* PBXContainerItemProxy */;
		};
		9511FA57275F933600785DAD /* PBXTargetDependency */ = {
			isa = PBXTargetDependency;
			target = 9511FA34275F933500785DAD /* JawaherAbuLahsah_Map */;
			targetProxy = 9511FA56275F933600785DAD /* PBXContainerItemProxy */;
		};
/* End PBXTargetDependency section */

/* Begin PBXVariantGroup section */
		9511FA3E275F933500785DAD /* Main.storyboard */ = {
			isa = PBXVariantGroup;
			children = (
				9511FA3F275F933500785DAD /* Base */,
			);
			name = Main.storyboard;
			sourceTree = "<group>";
		};
		9511FA43275F933600785DAD /* LaunchScreen.storyboard */ = {
			isa = PBXVariantGroup;
			children = (
				9511FA44275F933600785DAD /* Base */,
			);
			name = LaunchScreen.storyboard;
			sourceTree = "<group>";
		};
/* End PBXVariantGroup section */

/* Begin XCBuildConfiguration section */
		9511FA5D275F933600785DAD /* Debug */ = {
			isa = XCBuildConfiguration;
			buildSettings = {
				ALWAYS_SEARCH_USER_PATHS = NO;
				CLANG_ANALYZER_NONNULL = YES;
				CLANG_ANALYZER_NUMBER_OBJECT_CONVERSION = YES_AGGRESSIVE;
				CLANG_CXX_LANGUAGE_STANDARD = "gnu++17";
				CLANG_CXX_LIBRARY = "libc++";
				CLANG_ENABLE_MODULES = YES;
				CLANG_ENABLE_OBJC_ARC = YES;
				CLANG_ENABLE_OBJC_WEAK = YES;
				CLANG_WARN_BLOCK_CAPTURE_AUTORELEASING = YES;
				CLANG_WARN_BOOL_CONVERSION = YES;
				CLANG_WARN_COMMA = YES;
				CLANG_WARN_CONSTANT_CONVERSION = YES;
				CLANG_WARN_DEPRECATED_OBJC_IMPLEMENTATIONS = YES;
				CLANG_WARN_DIRECT_OBJC_ISA_USAGE = YES_ERROR;
				CLANG_WARN_DOCUMENTATION_COMMENTS = YES;
				CLANG_WARN_EMPTY_BODY = YES;
				CLANG_WARN_ENUM_CONVERSION = YES;
				CLANG_WARN_INFINITE_RECURSION = YES;
				CLANG_WARN_INT_CONVERSION = YES;
				CLANG_WARN_NON_LITERAL_NULL_CONVERSION = YES;
				CLANG_WARN_OBJC_IMPLICIT_RETAIN_SELF = YES;
				CLANG_WARN_OBJC_LITERAL_CONVERSION = YES;
				CLANG_WARN_OBJC_ROOT_CLASS = YES_ERROR;
				CLANG_WARN_QUOTED_INCLUDE_IN_FRAMEWORK_HEADER = YES;
				CLANG_WARN_RANGE_LOOP_ANALYSIS = YES;
				CLANG_WARN_STRICT_PROTOTYPES = YES;
				CLANG_WARN_SUSPICIOUS_MOVE = YES;
				CLANG_WARN_UNGUARDED_AVAILABILITY = YES_AGGRESSIVE;
				CLANG_WARN_UNREACHABLE_CODE = YES;
				CLANG_WARN__DUPLICATE_METHOD_MATCH = YES;
				COPY_PHASE_STRIP = NO;
				DEBUG_INFORMATION_FORMAT = dwarf;
				ENABLE_STRICT_OBJC_MSGSEND = YES;
				ENABLE_TESTABILITY = YES;
				GCC_C_LANGUAGE_STANDARD = gnu11;
				GCC_DYNAMIC_NO_PIC = NO;
				GCC_NO_COMMON_BLOCKS = YES;
				GCC_OPTIMIZATION_LEVEL = 0;
				GCC_PREPROCESSOR_DEFINITIONS = (
					"DEBUG=1",
					"$(inherited)",
				);
				GCC_WARN_64_TO_32_BIT_CONVERSION = YES;
				GCC_WARN_ABOUT_RETURN_TYPE = YES_ERROR;
				GCC_WARN_UNDECLARED_SELECTOR = YES;
				GCC_WARN_UNINITIALIZED_AUTOS = YES_AGGRESSIVE;
				GCC_WARN_UNUSED_FUNCTION = YES;
				GCC_WARN_UNUSED_VARIABLE = YES;
				IPHONEOS_DEPLOYMENT_TARGET = 15.0;
				MTL_ENABLE_DEBUG_INFO = INCLUDE_SOURCE;
				MTL_FAST_MATH = YES;
				ONLY_ACTIVE_ARCH = YES;
				SDKROOT = iphoneos;
				SWIFT_ACTIVE_COMPILATION_CONDITIONS = DEBUG;
				SWIFT_OPTIMIZATION_LEVEL = "-Onone";
			};
			name = Debug;
		};
		9511FA5E275F933600785DAD /* Release */ = {
			isa = XCBuildConfiguration;
			buildSettings = {
				ALWAYS_SEARCH_USER_PATHS = NO;
				CLANG_ANALYZER_NONNULL = YES;
				CLANG_ANALYZER_NUMBER_OBJECT_CONVERSION = YES_AGGRESSIVE;
				CLANG_CXX_LANGUAGE_STANDARD = "gnu++17";
				CLANG_CXX_LIBRARY = "libc++";
				CLANG_ENABLE_MODULES = YES;
				CLANG_ENABLE_OBJC_ARC = YES;
				CLANG_ENABLE_OBJC_WEAK = YES;
				CLANG_WARN_BLOCK_CAPTURE_AUTORELEASING = YES;
				CLANG_WARN_BOOL_CONVERSION = YES;
				CLANG_WARN_COMMA = YES;
				CLANG_WARN_CONSTANT_CONVERSION = YES;
				CLANG_WARN_DEPRECATED_OBJC_IMPLEMENTATIONS = YES;
				CLANG_WARN_DIRECT_OBJC_ISA_USAGE = YES_ERROR;
				CLANG_WARN_DOCUMENTATION_COMMENTS = YES;
				CLANG_WARN_EMPTY_BODY = YES;
				CLANG_WARN_ENUM_CONVERSION = YES;
				CLANG_WARN_INFINITE_RECURSION = YES;
				CLANG_WARN_INT_CONVERSION = YES;
				CLANG_WARN_NON_LITERAL_NULL_CONVERSION = YES;
				CLANG_WARN_OBJC_IMPLICIT_RETAIN_SELF = YES;
				CLANG_WARN_OBJC_LITERAL_CONVERSION = YES;
				CLANG_WARN_OBJC_ROOT_CLASS = YES_ERROR;
				CLANG_WARN_QUOTED_INCLUDE_IN_FRAMEWORK_HEADER = YES;
				CLANG_WARN_RANGE_LOOP_ANALYSIS = YES;
				CLANG_WARN_STRICT_PROTOTYPES = YES;
				CLANG_WARN_SUSPICIOUS_MOVE = YES;
				CLANG_WARN_UNGUARDED_AVAILABILITY = YES_AGGRESSIVE;
				CLANG_WARN_UNREACHABLE_CODE = YES;
				CLANG_WARN__DUPLICATE_METHOD_MATCH = YES;
				COPY_PHASE_STRIP = NO;
				DEBUG_INFORMATION_FORMAT = "dwarf-with-dsym";
				ENABLE_NS_ASSERTIONS = NO;
				ENABLE_STRICT_OBJC_MSGSEND = YES;
				GCC_C_LANGUAGE_STANDARD = gnu11;
				GCC_NO_COMMON_BLOCKS = YES;
				GCC_WARN_64_TO_32_BIT_CONVERSION = YES;
				GCC_WARN_ABOUT_RETURN_TYPE = YES_ERROR;
				GCC_WARN_UNDECLARED_SELECTOR = YES;
				GCC_WARN_UNINITIALIZED_AUTOS = YES_AGGRESSIVE;
				GCC_WARN_UNUSED_FUNCTION = YES;
				GCC_WARN_UNUSED_VARIABLE = YES;
				IPHONEOS_DEPLOYMENT_TARGET = 15.0;
				MTL_ENABLE_DEBUG_INFO = NO;
				MTL_FAST_MATH = YES;
				SDKROOT = iphoneos;
				SWIFT_COMPILATION_MODE = wholemodule;
				SWIFT_OPTIMIZATION_LEVEL = "-O";
				VALIDATE_PRODUCT = YES;
			};
			name = Release;
		};
		9511FA60275F933600785DAD /* Debug */ = {
			isa = XCBuildConfiguration;
			buildSettings = {
				ASSETCATALOG_COMPILER_APPICON_NAME = AppIcon;
				ASSETCATALOG_COMPILER_GLOBAL_ACCENT_COLOR_NAME = AccentColor;
				CODE_SIGN_STYLE = Automatic;
				CURRENT_PROJECT_VERSION = 1;
				DEVELOPMENT_TEAM = 4TAAWH6W7Q;
				GENERATE_INFOPLIST_FILE = YES;
				INFOPLIST_FILE = JawaherAbuLahsah_Map/Info.plist;
				INFOPLIST_KEY_UIApplicationSupportsIndirectInputEvents = YES;
				INFOPLIST_KEY_UILaunchStoryboardName = LaunchScreen;
				INFOPLIST_KEY_UIMainStoryboardFile = Main;
				INFOPLIST_KEY_UISupportedInterfaceOrientations_iPad = "UIInterfaceOrientationPortrait UIInterfaceOrientationPortraitUpsideDown UIInterfaceOrientationLandscapeLeft UIInterfaceOrientationLandscapeRight";
				INFOPLIST_KEY_UISupportedInterfaceOrientations_iPhone = "UIInterfaceOrientationPortrait UIInterfaceOrientationLandscapeLeft UIInterfaceOrientationLandscapeRight";
				LD_RUNPATH_SEARCH_PATHS = (
					"$(inherited)",
					"@executable_path/Frameworks",
				);
				MARKETING_VERSION = 1.0;
				PRODUCT_BUNDLE_IDENTIFIER = "jawaher.JawaherAbuLahsah-Map";
				PRODUCT_NAME = "$(TARGET_NAME)";
				SWIFT_EMIT_LOC_STRINGS = YES;
				SWIFT_VERSION = 5.0;
				TARGETED_DEVICE_FAMILY = "1,2";
			};
			name = Debug;
		};
		9511FA61275F933600785DAD /* Release */ = {
			isa = XCBuildConfiguration;
			buildSettings = {
				ASSETCATALOG_COMPILER_APPICON_NAME = AppIcon;
				ASSETCATALOG_COMPILER_GLOBAL_ACCENT_COLOR_NAME = AccentColor;
				CODE_SIGN_STYLE = Automatic;
				CURRENT_PROJECT_VERSION = 1;
				DEVELOPMENT_TEAM = 4TAAWH6W7Q;
				GENERATE_INFOPLIST_FILE = YES;
				INFOPLIST_FILE = JawaherAbuLahsah_Map/Info.plist;
				INFOPLIST_KEY_UIApplicationSupportsIndirectInputEvents = YES;
				INFOPLIST_KEY_UILaunchStoryboardName = LaunchScreen;
				INFOPLIST_KEY_UIMainStoryboardFile = Main;
				INFOPLIST_KEY_UISupportedInterfaceOrientations_iPad = "UIInterfaceOrientationPortrait UIInterfaceOrientationPortraitUpsideDown UIInterfaceOrientationLandscapeLeft UIInterfaceOrientationLandscapeRight";
				INFOPLIST_KEY_UISupportedInterfaceOrientations_iPhone = "UIInterfaceOrientationPortrait UIInterfaceOrientationLandscapeLeft UIInterfaceOrientationLandscapeRight";
				LD_RUNPATH_SEARCH_PATHS = (
					"$(inherited)",
					"@executable_path/Frameworks",
				);
				MARKETING_VERSION = 1.0;
				PRODUCT_BUNDLE_IDENTIFIER = "jawaher.JawaherAbuLahsah-Map";
				PRODUCT_NAME = "$(TARGET_NAME)";
				SWIFT_EMIT_LOC_STRINGS = YES;
				SWIFT_VERSION = 5.0;
				TARGETED_DEVICE_FAMILY = "1,2";
			};
			name = Release;
		};
		9511FA63275F933600785DAD /* Debug */ = {
			isa = XCBuildConfiguration;
			buildSettings = {
				ALWAYS_EMBED_SWIFT_STANDARD_LIBRARIES = YES;
				BUNDLE_LOADER = "$(TEST_HOST)";
				CODE_SIGN_STYLE = Automatic;
				CURRENT_PROJECT_VERSION = 1;
				DEVELOPMENT_TEAM = 4TAAWH6W7Q;
				GENERATE_INFOPLIST_FILE = YES;
				IPHONEOS_DEPLOYMENT_TARGET = 15.0;
				LD_RUNPATH_SEARCH_PATHS = (
					"$(inherited)",
					"@executable_path/Frameworks",
					"@loader_path/Frameworks",
				);
				MARKETING_VERSION = 1.0;
				PRODUCT_BUNDLE_IDENTIFIER = "jawaher.JawaherAbuLahsah-MapTests";
				PRODUCT_NAME = "$(TARGET_NAME)";
				SWIFT_EMIT_LOC_STRINGS = NO;
				SWIFT_VERSION = 5.0;
				TARGETED_DEVICE_FAMILY = "1,2";
				TEST_HOST = "$(BUILT_PRODUCTS_DIR)/JawaherAbuLahsah_Map.app/JawaherAbuLahsah_Map";
			};
			name = Debug;
		};
		9511FA64275F933600785DAD /* Release */ = {
			isa = XCBuildConfiguration;
			buildSettings = {
				ALWAYS_EMBED_SWIFT_STANDARD_LIBRARIES = YES;
				BUNDLE_LOADER = "$(TEST_HOST)";
				CODE_SIGN_STYLE = Automatic;
				CURRENT_PROJECT_VERSION = 1;
				DEVELOPMENT_TEAM = 4TAAWH6W7Q;
				GENERATE_INFOPLIST_FILE = YES;
				IPHONEOS_DEPLOYMENT_TARGET = 15.0;
				LD_RUNPATH_SEARCH_PATHS = (
					"$(inherited)",
					"@executable_path/Frameworks",
					"@loader_path/Frameworks",
				);
				MARKETING_VERSION = 1.0;
				PRODUCT_BUNDLE_IDENTIFIER = "jawaher.JawaherAbuLahsah-MapTests";
				PRODUCT_NAME = "$(TARGET_NAME)";
				SWIFT_EMIT_LOC_STRINGS = NO;
				SWIFT_VERSION = 5.0;
				TARGETED_DEVICE_FAMILY = "1,2";
				TEST_HOST = "$(BUILT_PRODUCTS_DIR)/JawaherAbuLahsah_Map.app/JawaherAbuLahsah_Map";
			};
			name = Release;
		};
		9511FA66275F933600785DAD /* Debug */ = {
			isa = XCBuildConfiguration;
			buildSettings = {
				ALWAYS_EMBED_SWIFT_STANDARD_LIBRARIES = YES;
				CODE_SIGN_STYLE = Automatic;
				CURRENT_PROJECT_VERSION = 1;
				DEVELOPMENT_TEAM = 4TAAWH6W7Q;
				GENERATE_INFOPLIST_FILE = YES;
				LD_RUNPATH_SEARCH_PATHS = (
					"$(inherited)",
					"@executable_path/Frameworks",
					"@loader_path/Frameworks",
				);
				MARKETING_VERSION = 1.0;
				PRODUCT_BUNDLE_IDENTIFIER = "jawaher.JawaherAbuLahsah-MapUITests";
				PRODUCT_NAME = "$(TARGET_NAME)";
				SWIFT_EMIT_LOC_STRINGS = NO;
				SWIFT_VERSION = 5.0;
				TARGETED_DEVICE_FAMILY = "1,2";
				TEST_TARGET_NAME = JawaherAbuLahsah_Map;
			};
			name = Debug;
		};
		9511FA67275F933600785DAD /* Release */ = {
			isa = XCBuildConfiguration;
			buildSettings = {
				ALWAYS_EMBED_SWIFT_STANDARD_LIBRARIES = YES;
				CODE_SIGN_STYLE = Automatic;
				CURRENT_PROJECT_VERSION = 1;
				DEVELOPMENT_TEAM = 4TAAWH6W7Q;
				GENERATE_INFOPLIST_FILE = YES;
				LD_RUNPATH_SEARCH_PATHS = (
					"$(inherited)",
					"@executable_path/Frameworks",
					"@loader_path/Frameworks",
				);
				MARKETING_VERSION = 1.0;
				PRODUCT_BUNDLE_IDENTIFIER = "jawaher.JawaherAbuLahsah-MapUITests";
				PRODUCT_NAME = "$(TARGET_NAME)";
				SWIFT_EMIT_LOC_STRINGS = NO;
				SWIFT_VERSION = 5.0;
				TARGETED_DEVICE_FAMILY = "1,2";
				TEST_TARGET_NAME = JawaherAbuLahsah_Map;
			};
			name = Release;
		};
/* End XCBuildConfiguration section */

/* Begin XCConfigurationList section */
		9511FA30275F933500785DAD /* Build configuration list for PBXProject "JawaherAbuLahsah_Map" */ = {
			isa = XCConfigurationList;
			buildConfigurations = (
				9511FA5D275F933600785DAD /* Debug */,
				9511FA5E275F933600785DAD /* Release */,
			);
			defaultConfigurationIsVisible = 0;
			defaultConfigurationName = Release;
		};
		9511FA5F275F933600785DAD /* Build configuration list for PBXNativeTarget "JawaherAbuLahsah_Map" */ = {
			isa = XCConfigurationList;
			buildConfigurations = (
				9511FA60275F933600785DAD /* Debug */,
				9511FA61275F933600785DAD /* Release */,
			);
			defaultConfigurationIsVisible = 0;
			defaultConfigurationName = Release;
		};
		9511FA62275F933600785DAD /* Build configuration list for PBXNativeTarget "JawaherAbuLahsah_MapTests" */ = {
			isa = XCConfigurationList;
			buildConfigurations = (
				9511FA63275F933600785DAD /* Debug */,
				9511FA64275F933600785DAD /* Release */,
			);
			defaultConfigurationIsVisible = 0;
			defaultConfigurationName = Release;
		};
		9511FA65275F933600785DAD /* Build configuration list for PBXNativeTarget "JawaherAbuLahsah_MapUITests" */ = {
			isa = XCConfigurationList;
			buildConfigurations = (
				9511FA66275F933600785DAD /* Debug */,
				9511FA67275F933600785DAD /* Release */,
			);
			defaultConfigurationIsVisible = 0;
			defaultConfigurationName = Release;
		};
/* End XCConfigurationList section */
	};
	rootObject = 9511FA2D275F933500785DAD /* Project object */;
}
